
Microsoft Visual Studio Solution File, Format Version 12.00
# Visual Studio Version 16
VisualStudioVersion = 16.0.31321.278
MinimumVisualStudioVersion = 10.0.40219.1
Project("{9A19103F-16F7-4668-BE54-9A1E7A4F7556}") = "FinalProjectNew.Server", "FinalProjectNew\Server\FinalProjectNew.Server.csproj", "{87BC1EAA-2589-43C0-8DEE-658B13187A8A}"
EndProject
Project("{9A19103F-16F7-4668-BE54-9A1E7A4F7556}") = "FinalProjectNew.Client", "FinalProjectNew\Client\FinalProjectNew.Client.csproj", "{0F22588D-20F9-46BB-AAAC-184DA66E09E5}"
EndProject
Project("{9A19103F-16F7-4668-BE54-9A1E7A4F7556}") = "FinalProjectNew.Shared", "FinalProjectNew\Shared\FinalProjectNew.Shared.csproj", "{9066C1DB-5D40-48E0-90C8-8388BFB7A96B}"
EndProject
Global
	GlobalSection(SolutionConfigurationPlatforms) = preSolution
		Debug|Any CPU = Debug|Any CPU
		Release|Any CPU = Release|Any CPU
	EndGlobalSection
	GlobalSection(ProjectConfigurationPlatforms) = postSolution
		{87BC1EAA-2589-43C0-8DEE-658B13187A8A}.Debug|Any CPU.ActiveCfg = Debug|Any CPU
		{87BC1EAA-2589-43C0-8DEE-658B13187A8A}.Debug|Any CPU.Build.0 = Debug|Any CPU
		{87BC1EAA-2589-43C0-8DEE-658B13187A8A}.Release|Any CPU.ActiveCfg = Release|Any CPU
		{87BC1EAA-2589-43C0-8DEE-658B13187A8A}.Release|Any CPU.Build.0 = Release|Any CPU
		{0F22588D-20F9-46BB-AAAC-184DA66E09E5}.Debug|Any CPU.ActiveCfg = Debug|Any CPU
		{0F22588D-20F9-46BB-AAAC-184DA66E09E5}.Debug|Any CPU.Build.0 = Debug|Any CPU
		{0F22588D-20F9-46BB-AAAC-184DA66E09E5}.Release|Any CPU.ActiveCfg = Release|Any CPU
		{0F22588D-20F9-46BB-AAAC-184DA66E09E5}.Release|Any CPU.Build.0 = Release|Any CPU
		{9066C1DB-5D40-48E0-90C8-8388BFB7A96B}.Debug|Any CPU.ActiveCfg = Debug|Any CPU
		{9066C1DB-5D40-48E0-90C8-8388BFB7A96B}.Debug|Any CPU.Build.0 = Debug|Any CPU
		{9066C1DB-5D40-48E0-90C8-8388BFB7A96B}.Release|Any CPU.ActiveCfg = Release|Any CPU
		{9066C1DB-5D40-48E0-90C8-8388BFB7A96B}.Release|Any CPU.Build.0 = Release|Any CPU
	EndGlobalSection
	GlobalSection(SolutionProperties) = preSolution
		HideSolutionNode = FALSE
	EndGlobalSection
	GlobalSection(ExtensibilityGlobals) = postSolution
		SolutionGuid = {307BADD0-C8BD-44DE-B960-D881F00B1056}
	EndGlobalSection
EndGlobal
