
Microsoft Visual Studio Solution File, Format Version 12.00
# Visual Studio Version 16
VisualStudioVersion = 16.0.31105.61
MinimumVisualStudioVersion = 10.0.40219.1
Project("{9A19103F-16F7-4668-BE54-9A1E7A4F7556}") = "ProjectFinal", "ProjectFinal\ProjectFinal.csproj", "{9ED8A5F9-2B1E-40C1-B2BB-558FC3F18214}"
EndProject
Global
	GlobalSection(SolutionConfigurationPlatforms) = preSolution
		Debug|Any CPU = Debug|Any CPU
		Release|Any CPU = Release|Any CPU
	EndGlobalSection
	GlobalSection(ProjectConfigurationPlatforms) = postSolution
		{9ED8A5F9-2B1E-40C1-B2BB-558FC3F18214}.Debug|Any CPU.ActiveCfg = Debug|Any CPU
		{9ED8A5F9-2B1E-40C1-B2BB-558FC3F18214}.Debug|Any CPU.Build.0 = Debug|Any CPU
		{9ED8A5F9-2B1E-40C1-B2BB-558FC3F18214}.Release|Any CPU.ActiveCfg = Release|Any CPU
		{9ED8A5F9-2B1E-40C1-B2BB-558FC3F18214}.Release|Any CPU.Build.0 = Release|Any CPU
	EndGlobalSection
	GlobalSection(SolutionProperties) = preSolution
		HideSolutionNode = FALSE
	EndGlobalSection
	GlobalSection(ExtensibilityGlobals) = postSolution
		SolutionGuid = {718E43A0-298C-46A4-AFF1-E5F8159AE8EF}
	EndGlobalSection
EndGlobal
